
Microsoft Visual Studio Solution File, Format Version 12.00
# Visual Studio Version 17
VisualStudioVersion = 17.0.31612.314
MinimumVisualStudioVersion = 10.0.40219.1
Project("{FAE04EC0-301F-11D3-BF4B-00C04F79EFBC}") = "MakeKitty", "MakeKitty\MakeKitty.csproj", "{6C1F6083-4F4C-4133-A7F9-B6138D35BE3A}"
EndProject
Global
	GlobalSection(SolutionConfigurationPlatforms) = preSolution
		Debug|Any CPU = Debug|Any CPU
		Release|Any CPU = Release|Any CPU
	EndGlobalSection
	GlobalSection(ProjectConfigurationPlatforms) = postSolution
		{6C1F6083-4F4C-4133-A7F9-B6138D35BE3A}.Debug|Any CPU.ActiveCfg = Debug|Any CPU
		{6C1F6083-4F4C-4133-A7F9-B6138D35BE3A}.Debug|Any CPU.Build.0 = Debug|Any CPU
		{6C1F6083-4F4C-4133-A7F9-B6138D35BE3A}.Release|Any CPU.ActiveCfg = Release|Any CPU
		{6C1F6083-4F4C-4133-A7F9-B6138D35BE3A}.Release|Any CPU.Build.0 = Release|Any CPU
	EndGlobalSection
	GlobalSection(SolutionProperties) = preSolution
		HideSolutionNode = FALSE
	EndGlobalSection
	GlobalSection(ExtensibilityGlobals) = postSolution
		SolutionGuid = {7224ED85-B4E8-47FD-AA12-CEC1EF1ECB93}
	EndGlobalSection
EndGlobal
